Microsoft Visual Studio Solution File, Format Version 12.00
# Visual Studio 15
Project("{8BC9CEB8-8B4A-11D0-8D11-00A0C91BC942}") = "ALL_BUILD", "ALL_BUILD.vcxproj", "{01F62578-9BB7-3C18-B7ED-AFECCE37DEB3}"
	ProjectSection(ProjectDependencies) = postProject
		{52EF6C07-E6A8-378D-9C7C-C8B303365D15} = {52EF6C07-E6A8-378D-9C7C-C8B303365D15}
		{A4C98ABD-D656-3E42-8CCA-90290868121D} = {A4C98ABD-D656-3E42-8CCA-90290868121D}
		{CB20EAE1-ECC6-38C6-9B02-F39E0E19767A} = {CB20EAE1-ECC6-38C6-9B02-F39E0E19767A}
		{C587A5B0-2AB3-3A85-93DE-57ECE775BE55} = {C587A5B0-2AB3-3A85-93DE-57ECE775BE55}
		{C7CC54E8-084A-31F3-85F5-BCB66F148FD6} = {C7CC54E8-084A-31F3-85F5-BCB66F148FD6}
		{74DA10D8-CB53-36F9-9279-480B78CD4A91} = {74DA10D8-CB53-36F9-9279-480B78CD4A91}
		{9191A66F-BDD2-34E5-8ECA-E726BD7173B5} = {9191A66F-BDD2-34E5-8ECA-E726BD7173B5}
		{4BC583D2-0542-3285-A853-F6D958A4B7C9} = {4BC583D2-0542-3285-A853-F6D958A4B7C9}
		{793EA1D3-7F9F-30C3-AAAA-66FCF0433F39} = {793EA1D3-7F9F-30C3-AAAA-66FCF0433F39}
		{0DCC26C8-0A2E-3357-B59F-7DEA8373A87E} = {0DCC26C8-0A2E-3357-B59F-7DEA8373A87E}
		{BEDA1F51-5C3A-3E66-A028-8B204E4E7190} = {BEDA1F51-5C3A-3E66-A028-8B204E4E7190}
		{304B1E57-1874-30B5-8476-467A59FE3AFF} = {304B1E57-1874-30B5-8476-467A59FE3AFF}
		{79E28546-A373-3CAA-88FC-63E9B1D4B9E6} = {79E28546-A373-3CAA-88FC-63E9B1D4B9E6}
		{1710132B-1312-35E1-AE5E-0D8BADDFC4D4} = {1710132B-1312-35E1-AE5E-0D8BADDFC4D4}
		{51711739-558F-38D9-8C20-FA6DD9ABFF70} = {51711739-558F-38D9-8C20-FA6DD9ABFF70}
		{CE21820C-A5E8-335B-9EED-4CECBA702A0D} = {CE21820C-A5E8-335B-9EED-4CECBA702A0D}
		{881CFBBA-4729-3F1C-8E49-92CD963583E8} = {881CFBBA-4729-3F1C-8E49-92CD963583E8}
	EndProjectSection
EndProject
Project("{8BC9CEB8-8B4A-11D0-8D11-00A0C91BC942}") = "INSTALL", "INSTALL.vcxproj", "{85134E9E-947C-3348-9D94-72498D7AFE25}"
	ProjectSection(ProjectDependencies) = postProject
		{01F62578-9BB7-3C18-B7ED-AFECCE37DEB3} = {01F62578-9BB7-3C18-B7ED-AFECCE37DEB3}
		{52EF6C07-E6A8-378D-9C7C-C8B303365D15} = {52EF6C07-E6A8-378D-9C7C-C8B303365D15}
	EndProjectSection
EndProject
Project("{8BC9CEB8-8B4A-11D0-8D11-00A0C91BC942}") = "ZERO_CHECK", "ZERO_CHECK.vcxproj", "{52EF6C07-E6A8-378D-9C7C-C8B303365D15}"
	ProjectSection(ProjectDependencies) = postProject
	EndProjectSection
EndProject
Project("{8BC9CEB8-8B4A-11D0-8D11-00A0C91BC942}") = "aos_view", "tests\aos_view.vcxproj", "{A4C98ABD-D656-3E42-8CCA-90290868121D}"
	ProjectSection(ProjectDependencies) = postProject
		{52EF6C07-E6A8-378D-9C7C-C8B303365D15} = {52EF6C07-E6A8-378D-9C7C-C8B303365D15}
	EndProjectSection
EndProject
Project("{8BC9CEB8-8B4A-11D0-8D11-00A0C91BC942}") = "apply", "tests\apply.vcxproj", "{CB20EAE1-ECC6-38C6-9B02-F39E0E19767A}"
	ProjectSection(ProjectDependencies) = postProject
		{52EF6C07-E6A8-378D-9C7C-C8B303365D15} = {52EF6C07-E6A8-378D-9C7C-C8B303365D15}
	EndProjectSection
EndProject
Project("{8BC9CEB8-8B4A-11D0-8D11-00A0C91BC942}") = "array_view", "tests\array_view.vcxproj", "{C587A5B0-2AB3-3A85-93DE-57ECE775BE55}"
	ProjectSection(ProjectDependencies) = postProject
		{52EF6C07-E6A8-378D-9C7C-C8B303365D15} = {52EF6C07-E6A8-378D-9C7C-C8B303365D15}
	EndProjectSection
EndProject
Project("{8BC9CEB8-8B4A-11D0-8D11-00A0C91BC942}") = "bind_method", "tests\bind_method.vcxproj", "{C7CC54E8-084A-31F3-85F5-BCB66F148FD6}"
	ProjectSection(ProjectDependencies) = postProject
		{52EF6C07-E6A8-378D-9C7C-C8B303365D15} = {52EF6C07-E6A8-378D-9C7C-C8B303365D15}
	EndProjectSection
EndProject
Project("{8BC9CEB8-8B4A-11D0-8D11-00A0C91BC942}") = "callable_traits", "tests\callable_traits.vcxproj", "{74DA10D8-CB53-36F9-9279-480B78CD4A91}"
	ProjectSection(ProjectDependencies) = postProject
		{52EF6C07-E6A8-378D-9C7C-C8B303365D15} = {52EF6C07-E6A8-378D-9C7C-C8B303365D15}
	EndProjectSection
EndProject
Project("{8BC9CEB8-8B4A-11D0-8D11-00A0C91BC942}") = "core", "tests\core.vcxproj", "{9191A66F-BDD2-34E5-8ECA-E726BD7173B5}"
	ProjectSection(ProjectDependencies) = postProject
		{52EF6C07-E6A8-378D-9C7C-C8B303365D15} = {52EF6C07-E6A8-378D-9C7C-C8B303365D15}
	EndProjectSection
EndProject
Project("{8BC9CEB8-8B4A-11D0-8D11-00A0C91BC942}") = "deep_merge", "tests\deep_merge.vcxproj", "{4BC583D2-0542-3285-A853-F6D958A4B7C9}"
	ProjectSection(ProjectDependencies) = postProject
		{52EF6C07-E6A8-378D-9C7C-C8B303365D15} = {52EF6C07-E6A8-378D-9C7C-C8B303365D15}
	EndProjectSection
EndProject
Project("{8BC9CEB8-8B4A-11D0-8D11-00A0C91BC942}") = "di", "tests\di.vcxproj", "{793EA1D3-7F9F-30C3-AAAA-66FCF0433F39}"
	ProjectSection(ProjectDependencies) = postProject
		{52EF6C07-E6A8-378D-9C7C-C8B303365D15} = {52EF6C07-E6A8-378D-9C7C-C8B303365D15}
	EndProjectSection
EndProject
Project("{8BC9CEB8-8B4A-11D0-8D11-00A0C91BC942}") = "foreach", "tests\foreach.vcxproj", "{0DCC26C8-0A2E-3357-B59F-7DEA8373A87E}"
	ProjectSection(ProjectDependencies) = postProject
		{52EF6C07-E6A8-378D-9C7C-C8B303365D15} = {52EF6C07-E6A8-378D-9C7C-C8B303365D15}
	EndProjectSection
EndProject
Project("{8BC9CEB8-8B4A-11D0-8D11-00A0C91BC942}") = "iod_generate_symbols", "tools\iod_generate_symbols.vcxproj", "{BEDA1F51-5C3A-3E66-A028-8B204E4E7190}"
	ProjectSection(ProjectDependencies) = postProject
		{52EF6C07-E6A8-378D-9C7C-C8B303365D15} = {52EF6C07-E6A8-378D-9C7C-C8B303365D15}
	EndProjectSection
EndProject
Project("{8BC9CEB8-8B4A-11D0-8D11-00A0C91BC942}") = "json", "tests\json.vcxproj", "{304B1E57-1874-30B5-8476-467A59FE3AFF}"
	ProjectSection(ProjectDependencies) = postProject
		{52EF6C07-E6A8-378D-9C7C-C8B303365D15} = {52EF6C07-E6A8-378D-9C7C-C8B303365D15}
	EndProjectSection
EndProject
Project("{8BC9CEB8-8B4A-11D0-8D11-00A0C91BC942}") = "options", "tests\options.vcxproj", "{79E28546-A373-3CAA-88FC-63E9B1D4B9E6}"
	ProjectSection(ProjectDependencies) = postProject
		{52EF6C07-E6A8-378D-9C7C-C8B303365D15} = {52EF6C07-E6A8-378D-9C7C-C8B303365D15}
	EndProjectSection
EndProject
Project("{8BC9CEB8-8B4A-11D0-8D11-00A0C91BC942}") = "parse_command_line", "tests\parse_command_line.vcxproj", "{1710132B-1312-35E1-AE5E-0D8BADDFC4D4}"
	ProjectSection(ProjectDependencies) = postProject
		{52EF6C07-E6A8-378D-9C7C-C8B303365D15} = {52EF6C07-E6A8-378D-9C7C-C8B303365D15}
	EndProjectSection
EndProject
Project("{8BC9CEB8-8B4A-11D0-8D11-00A0C91BC942}") = "readme", "tests\readme.vcxproj", "{51711739-558F-38D9-8C20-FA6DD9ABFF70}"
	ProjectSection(ProjectDependencies) = postProject
		{52EF6C07-E6A8-378D-9C7C-C8B303365D15} = {52EF6C07-E6A8-378D-9C7C-C8B303365D15}
	EndProjectSection
EndProject
Project("{8BC9CEB8-8B4A-11D0-8D11-00A0C91BC942}") = "tuple", "tests\tuple.vcxproj", "{CE21820C-A5E8-335B-9EED-4CECBA702A0D}"
	ProjectSection(ProjectDependencies) = postProject
		{52EF6C07-E6A8-378D-9C7C-C8B303365D15} = {52EF6C07-E6A8-378D-9C7C-C8B303365D15}
	EndProjectSection
EndProject
Project("{8BC9CEB8-8B4A-11D0-8D11-00A0C91BC942}") = "variable", "tests\variable.vcxproj", "{881CFBBA-4729-3F1C-8E49-92CD963583E8}"
	ProjectSection(ProjectDependencies) = postProject
		{52EF6C07-E6A8-378D-9C7C-C8B303365D15} = {52EF6C07-E6A8-378D-9C7C-C8B303365D15}
	EndProjectSection
EndProject
Global
	GlobalSection(SolutionConfigurationPlatforms) = preSolution
		Debug|Win32 = Debug|Win32
		Release|Win32 = Release|Win32
		MinSizeRel|Win32 = MinSizeRel|Win32
		RelWithDebInfo|Win32 = RelWithDebInfo|Win32
	EndGlobalSection
	GlobalSection(ProjectConfigurationPlatforms) = postSolution
		{01F62578-9BB7-3C18-B7ED-AFECCE37DEB3}.Debug|Win32.ActiveCfg = Debug|Win32
		{01F62578-9BB7-3C18-B7ED-AFECCE37DEB3}.Debug|Win32.Build.0 = Debug|Win32
		{01F62578-9BB7-3C18-B7ED-AFECCE37DEB3}.Release|Win32.ActiveCfg = Release|Win32
		{01F62578-9BB7-3C18-B7ED-AFECCE37DEB3}.Release|Win32.Build.0 = Release|Win32
		{01F62578-9BB7-3C18-B7ED-AFECCE37DEB3}.MinSizeRel|Win32.ActiveCfg = MinSizeRel|Win32
		{01F62578-9BB7-3C18-B7ED-AFECCE37DEB3}.MinSizeRel|Win32.Build.0 = MinSizeRel|Win32
		{01F62578-9BB7-3C18-B7ED-AFECCE37DEB3}.RelWithDebInfo|Win32.ActiveCfg = RelWithDebInfo|Win32
		{01F62578-9BB7-3C18-B7ED-AFECCE37DEB3}.RelWithDebInfo|Win32.Build.0 = RelWithDebInfo|Win32
		{85134E9E-947C-3348-9D94-72498D7AFE25}.Debug|Win32.ActiveCfg = Debug|Win32
		{85134E9E-947C-3348-9D94-72498D7AFE25}.Release|Win32.ActiveCfg = Release|Win32
		{85134E9E-947C-3348-9D94-72498D7AFE25}.MinSizeRel|Win32.ActiveCfg = MinSizeRel|Win32
		{85134E9E-947C-3348-9D94-72498D7AFE25}.RelWithDebInfo|Win32.ActiveCfg = RelWithDebInfo|Win32
		{52EF6C07-E6A8-378D-9C7C-C8B303365D15}.Debug|Win32.ActiveCfg = Debug|Win32
		{52EF6C07-E6A8-378D-9C7C-C8B303365D15}.Debug|Win32.Build.0 = Debug|Win32
		{52EF6C07-E6A8-378D-9C7C-C8B303365D15}.Release|Win32.ActiveCfg = Release|Win32
		{52EF6C07-E6A8-378D-9C7C-C8B303365D15}.Release|Win32.Build.0 = Release|Win32
		{52EF6C07-E6A8-378D-9C7C-C8B303365D15}.MinSizeRel|Win32.ActiveCfg = MinSizeRel|Win32
		{52EF6C07-E6A8-378D-9C7C-C8B303365D15}.MinSizeRel|Win32.Build.0 = MinSizeRel|Win32
		{52EF6C07-E6A8-378D-9C7C-C8B303365D15}.RelWithDebInfo|Win32.ActiveCfg = RelWithDebInfo|Win32
		{52EF6C07-E6A8-378D-9C7C-C8B303365D15}.RelWithDebInfo|Win32.Build.0 = RelWithDebInfo|Win32
		{A4C98ABD-D656-3E42-8CCA-90290868121D}.Debug|Win32.ActiveCfg = Debug|Win32
		{A4C98ABD-D656-3E42-8CCA-90290868121D}.Debug|Win32.Build.0 = Debug|Win32
		{A4C98ABD-D656-3E42-8CCA-90290868121D}.Release|Win32.ActiveCfg = Release|Win32
		{A4C98ABD-D656-3E42-8CCA-90290868121D}.Release|Win32.Build.0 = Release|Win32
		{A4C98ABD-D656-3E42-8CCA-90290868121D}.MinSizeRel|Win32.ActiveCfg = MinSizeRel|Win32
		{A4C98ABD-D656-3E42-8CCA-90290868121D}.MinSizeRel|Win32.Build.0 = MinSizeRel|Win32
		{A4C98ABD-D656-3E42-8CCA-90290868121D}.RelWithDebInfo|Win32.ActiveCfg = RelWithDebInfo|Win32
		{A4C98ABD-D656-3E42-8CCA-90290868121D}.RelWithDebInfo|Win32.Build.0 = RelWithDebInfo|Win32
		{CB20EAE1-ECC6-38C6-9B02-F39E0E19767A}.Debug|Win32.ActiveCfg = Debug|Win32
		{CB20EAE1-ECC6-38C6-9B02-F39E0E19767A}.Debug|Win32.Build.0 = Debug|Win32
		{CB20EAE1-ECC6-38C6-9B02-F39E0E19767A}.Release|Win32.ActiveCfg = Release|Win32
		{CB20EAE1-ECC6-38C6-9B02-F39E0E19767A}.Release|Win32.Build.0 = Release|Win32
		{CB20EAE1-ECC6-38C6-9B02-F39E0E19767A}.MinSizeRel|Win32.ActiveCfg = MinSizeRel|Win32
		{CB20EAE1-ECC6-38C6-9B02-F39E0E19767A}.MinSizeRel|Win32.Build.0 = MinSizeRel|Win32
		{CB20EAE1-ECC6-38C6-9B02-F39E0E19767A}.RelWithDebInfo|Win32.ActiveCfg = RelWithDebInfo|Win32
		{CB20EAE1-ECC6-38C6-9B02-F39E0E19767A}.RelWithDebInfo|Win32.Build.0 = RelWithDebInfo|Win32
		{C587A5B0-2AB3-3A85-93DE-57ECE775BE55}.Debug|Win32.ActiveCfg = Debug|Win32
		{C587A5B0-2AB3-3A85-93DE-57ECE775BE55}.Debug|Win32.Build.0 = Debug|Win32
		{C587A5B0-2AB3-3A85-93DE-57ECE775BE55}.Release|Win32.ActiveCfg = Release|Win32
		{C587A5B0-2AB3-3A85-93DE-57ECE775BE55}.Release|Win32.Build.0 = Release|Win32
		{C587A5B0-2AB3-3A85-93DE-57ECE775BE55}.MinSizeRel|Win32.ActiveCfg = MinSizeRel|Win32
		{C587A5B0-2AB3-3A85-93DE-57ECE775BE55}.MinSizeRel|Win32.Build.0 = MinSizeRel|Win32
		{C587A5B0-2AB3-3A85-93DE-57ECE775BE55}.RelWithDebInfo|Win32.ActiveCfg = RelWithDebInfo|Win32
		{C587A5B0-2AB3-3A85-93DE-57ECE775BE55}.RelWithDebInfo|Win32.Build.0 = RelWithDebInfo|Win32
		{C7CC54E8-084A-31F3-85F5-BCB66F148FD6}.Debug|Win32.ActiveCfg = Debug|Win32
		{C7CC54E8-084A-31F3-85F5-BCB66F148FD6}.Debug|Win32.Build.0 = Debug|Win32
		{C7CC54E8-084A-31F3-85F5-BCB66F148FD6}.Release|Win32.ActiveCfg = Release|Win32
		{C7CC54E8-084A-31F3-85F5-BCB66F148FD6}.Release|Win32.Build.0 = Release|Win32
		{C7CC54E8-084A-31F3-85F5-BCB66F148FD6}.MinSizeRel|Win32.ActiveCfg = MinSizeRel|Win32
		{C7CC54E8-084A-31F3-85F5-BCB66F148FD6}.MinSizeRel|Win32.Build.0 = MinSizeRel|Win32
		{C7CC54E8-084A-31F3-85F5-BCB66F148FD6}.RelWithDebInfo|Win32.ActiveCfg = RelWithDebInfo|Win32
		{C7CC54E8-084A-31F3-85F5-BCB66F148FD6}.RelWithDebInfo|Win32.Build.0 = RelWithDebInfo|Win32
		{74DA10D8-CB53-36F9-9279-480B78CD4A91}.Debug|Win32.ActiveCfg = Debug|Win32
		{74DA10D8-CB53-36F9-9279-480B78CD4A91}.Debug|Win32.Build.0 = Debug|Win32
		{74DA10D8-CB53-36F9-9279-480B78CD4A91}.Release|Win32.ActiveCfg = Release|Win32
		{74DA10D8-CB53-36F9-9279-480B78CD4A91}.Release|Win32.Build.0 = Release|Win32
		{74DA10D8-CB53-36F9-9279-480B78CD4A91}.MinSizeRel|Win32.ActiveCfg = MinSizeRel|Win32
		{74DA10D8-CB53-36F9-9279-480B78CD4A91}.MinSizeRel|Win32.Build.0 = MinSizeRel|Win32
		{74DA10D8-CB53-36F9-9279-480B78CD4A91}.RelWithDebInfo|Win32.ActiveCfg = RelWithDebInfo|Win32
		{74DA10D8-CB53-36F9-9279-480B78CD4A91}.RelWithDebInfo|Win32.Build.0 = RelWithDebInfo|Win32
		{9191A66F-BDD2-34E5-8ECA-E726BD7173B5}.Debug|Win32.ActiveCfg = Debug|Win32
		{9191A66F-BDD2-34E5-8ECA-E726BD7173B5}.Debug|Win32.Build.0 = Debug|Win32
		{9191A66F-BDD2-34E5-8ECA-E726BD7173B5}.Release|Win32.ActiveCfg = Release|Win32
		{9191A66F-BDD2-34E5-8ECA-E726BD7173B5}.Release|Win32.Build.0 = Release|Win32
		{9191A66F-BDD2-34E5-8ECA-E726BD7173B5}.MinSizeRel|Win32.ActiveCfg = MinSizeRel|Win32
		{9191A66F-BDD2-34E5-8ECA-E726BD7173B5}.MinSizeRel|Win32.Build.0 = MinSizeRel|Win32
		{9191A66F-BDD2-34E5-8ECA-E726BD7173B5}.RelWithDebInfo|Win32.ActiveCfg = RelWithDebInfo|Win32
		{9191A66F-BDD2-34E5-8ECA-E726BD7173B5}.RelWithDebInfo|Win32.Build.0 = RelWithDebInfo|Win32
		{4BC583D2-0542-3285-A853-F6D958A4B7C9}.Debug|Win32.ActiveCfg = Debug|Win32
		{4BC583D2-0542-3285-A853-F6D958A4B7C9}.Debug|Win32.Build.0 = Debug|Win32
		{4BC583D2-0542-3285-A853-F6D958A4B7C9}.Release|Win32.ActiveCfg = Release|Win32
		{4BC583D2-0542-3285-A853-F6D958A4B7C9}.Release|Win32.Build.0 = Release|Win32
		{4BC583D2-0542-3285-A853-F6D958A4B7C9}.MinSizeRel|Win32.ActiveCfg = MinSizeRel|Win32
		{4BC583D2-0542-3285-A853-F6D958A4B7C9}.MinSizeRel|Win32.Build.0 = MinSizeRel|Win32
		{4BC583D2-0542-3285-A853-F6D958A4B7C9}.RelWithDebInfo|Win32.ActiveCfg = RelWithDebInfo|Win32
		{4BC583D2-0542-3285-A853-F6D958A4B7C9}.RelWithDebInfo|Win32.Build.0 = RelWithDebInfo|Win32
		{793EA1D3-7F9F-30C3-AAAA-66FCF0433F39}.Debug|Win32.ActiveCfg = Debug|Win32
		{793EA1D3-7F9F-30C3-AAAA-66FCF0433F39}.Debug|Win32.Build.0 = Debug|Win32
		{793EA1D3-7F9F-30C3-AAAA-66FCF0433F39}.Release|Win32.ActiveCfg = Release|Win32
		{793EA1D3-7F9F-30C3-AAAA-66FCF0433F39}.Release|Win32.Build.0 = Release|Win32
		{793EA1D3-7F9F-30C3-AAAA-66FCF0433F39}.MinSizeRel|Win32.ActiveCfg = MinSizeRel|Win32
		{793EA1D3-7F9F-30C3-AAAA-66FCF0433F39}.MinSizeRel|Win32.Build.0 = MinSizeRel|Win32
		{793EA1D3-7F9F-30C3-AAAA-66FCF0433F39}.RelWithDebInfo|Win32.ActiveCfg = RelWithDebInfo|Win32
		{793EA1D3-7F9F-30C3-AAAA-66FCF0433F39}.RelWithDebInfo|Win32.Build.0 = RelWithDebInfo|Win32
		{0DCC26C8-0A2E-3357-B59F-7DEA8373A87E}.Debug|Win32.ActiveCfg = Debug|Win32
		{0DCC26C8-0A2E-3357-B59F-7DEA8373A87E}.Debug|Win32.Build.0 = Debug|Win32
		{0DCC26C8-0A2E-3357-B59F-7DEA8373A87E}.Release|Win32.ActiveCfg = Release|Win32
		{0DCC26C8-0A2E-3357-B59F-7DEA8373A87E}.Release|Win32.Build.0 = Release|Win32
		{0DCC26C8-0A2E-3357-B59F-7DEA8373A87E}.MinSizeRel|Win32.ActiveCfg = MinSizeRel|Win32
		{0DCC26C8-0A2E-3357-B59F-7DEA8373A87E}.MinSizeRel|Win32.Build.0 = MinSizeRel|Win32
		{0DCC26C8-0A2E-3357-B59F-7DEA8373A87E}.RelWithDebInfo|Win32.ActiveCfg = RelWithDebInfo|Win32
		{0DCC26C8-0A2E-3357-B59F-7DEA8373A87E}.RelWithDebInfo|Win32.Build.0 = RelWithDebInfo|Win32
		{BEDA1F51-5C3A-3E66-A028-8B204E4E7190}.Debug|Win32.ActiveCfg = Debug|Win32
		{BEDA1F51-5C3A-3E66-A028-8B204E4E7190}.Debug|Win32.Build.0 = Debug|Win32
		{BEDA1F51-5C3A-3E66-A028-8B204E4E7190}.Release|Win32.ActiveCfg = Release|Win32
		{BEDA1F51-5C3A-3E66-A028-8B204E4E7190}.Release|Win32.Build.0 = Release|Win32
		{BEDA1F51-5C3A-3E66-A028-8B204E4E7190}.MinSizeRel|Win32.ActiveCfg = MinSizeRel|Win32
		{BEDA1F51-5C3A-3E66-A028-8B204E4E7190}.MinSizeRel|Win32.Build.0 = MinSizeRel|Win32
		{BEDA1F51-5C3A-3E66-A028-8B204E4E7190}.RelWithDebInfo|Win32.ActiveCfg = RelWithDebInfo|Win32
		{BEDA1F51-5C3A-3E66-A028-8B204E4E7190}.RelWithDebInfo|Win32.Build.0 = RelWithDebInfo|Win32
		{304B1E57-1874-30B5-8476-467A59FE3AFF}.Debug|Win32.ActiveCfg = Debug|Win32
		{304B1E57-1874-30B5-8476-467A59FE3AFF}.Debug|Win32.Build.0 = Debug|Win32
		{304B1E57-1874-30B5-8476-467A59FE3AFF}.Release|Win32.ActiveCfg = Release|Win32
		{304B1E57-1874-30B5-8476-467A59FE3AFF}.Release|Win32.Build.0 = Release|Win32
		{304B1E57-1874-30B5-8476-467A59FE3AFF}.MinSizeRel|Win32.ActiveCfg = MinSizeRel|Win32
		{304B1E57-1874-30B5-8476-467A59FE3AFF}.MinSizeRel|Win32.Build.0 = MinSizeRel|Win32
		{304B1E57-1874-30B5-8476-467A59FE3AFF}.RelWithDebInfo|Win32.ActiveCfg = RelWithDebInfo|Win32
		{304B1E57-1874-30B5-8476-467A59FE3AFF}.RelWithDebInfo|Win32.Build.0 = RelWithDebInfo|Win32
		{79E28546-A373-3CAA-88FC-63E9B1D4B9E6}.Debug|Win32.ActiveCfg = Debug|Win32
		{79E28546-A373-3CAA-88FC-63E9B1D4B9E6}.Debug|Win32.Build.0 = Debug|Win32
		{79E28546-A373-3CAA-88FC-63E9B1D4B9E6}.Release|Win32.ActiveCfg = Release|Win32
		{79E28546-A373-3CAA-88FC-63E9B1D4B9E6}.Release|Win32.Build.0 = Release|Win32
		{79E28546-A373-3CAA-88FC-63E9B1D4B9E6}.MinSizeRel|Win32.ActiveCfg = MinSizeRel|Win32
		{79E28546-A373-3CAA-88FC-63E9B1D4B9E6}.MinSizeRel|Win32.Build.0 = MinSizeRel|Win32
		{79E28546-A373-3CAA-88FC-63E9B1D4B9E6}.RelWithDebInfo|Win32.ActiveCfg = RelWithDebInfo|Win32
		{79E28546-A373-3CAA-88FC-63E9B1D4B9E6}.RelWithDebInfo|Win32.Build.0 = RelWithDebInfo|Win32
		{1710132B-1312-35E1-AE5E-0D8BADDFC4D4}.Debug|Win32.ActiveCfg = Debug|Win32
		{1710132B-1312-35E1-AE5E-0D8BADDFC4D4}.Debug|Win32.Build.0 = Debug|Win32
		{1710132B-1312-35E1-AE5E-0D8BADDFC4D4}.Release|Win32.ActiveCfg = Release|Win32
		{1710132B-1312-35E1-AE5E-0D8BADDFC4D4}.Release|Win32.Build.0 = Release|Win32
		{1710132B-1312-35E1-AE5E-0D8BADDFC4D4}.MinSizeRel|Win32.ActiveCfg = MinSizeRel|Win32
		{1710132B-1312-35E1-AE5E-0D8BADDFC4D4}.MinSizeRel|Win32.Build.0 = MinSizeRel|Win32
		{1710132B-1312-35E1-AE5E-0D8BADDFC4D4}.RelWithDebInfo|Win32.ActiveCfg = RelWithDebInfo|Win32
		{1710132B-1312-35E1-AE5E-0D8BADDFC4D4}.RelWithDebInfo|Win32.Build.0 = RelWithDebInfo|Win32
		{51711739-558F-38D9-8C20-FA6DD9ABFF70}.Debug|Win32.ActiveCfg = Debug|Win32
		{51711739-558F-38D9-8C20-FA6DD9ABFF70}.Debug|Win32.Build.0 = Debug|Win32
		{51711739-558F-38D9-8C20-FA6DD9ABFF70}.Release|Win32.ActiveCfg = Release|Win32
		{51711739-558F-38D9-8C20-FA6DD9ABFF70}.Release|Win32.Build.0 = Release|Win32
		{51711739-558F-38D9-8C20-FA6DD9ABFF70}.MinSizeRel|Win32.ActiveCfg = MinSizeRel|Win32
		{51711739-558F-38D9-8C20-FA6DD9ABFF70}.MinSizeRel|Win32.Build.0 = MinSizeRel|Win32
		{51711739-558F-38D9-8C20-FA6DD9ABFF70}.RelWithDebInfo|Win32.ActiveCfg = RelWithDebInfo|Win32
		{51711739-558F-38D9-8C20-FA6DD9ABFF70}.RelWithDebInfo|Win32.Build.0 = RelWithDebInfo|Win32
		{CE21820C-A5E8-335B-9EED-4CECBA702A0D}.Debug|Win32.ActiveCfg = Debug|Win32
		{CE21820C-A5E8-335B-9EED-4CECBA702A0D}.Debug|Win32.Build.0 = Debug|Win32
		{CE21820C-A5E8-335B-9EED-4CECBA702A0D}.Release|Win32.ActiveCfg = Release|Win32
		{CE21820C-A5E8-335B-9EED-4CECBA702A0D}.Release|Win32.Build.0 = Release|Win32
		{CE21820C-A5E8-335B-9EED-4CECBA702A0D}.MinSizeRel|Win32.ActiveCfg = MinSizeRel|Win32
		{CE21820C-A5E8-335B-9EED-4CECBA702A0D}.MinSizeRel|Win32.Build.0 = MinSizeRel|Win32
		{CE21820C-A5E8-335B-9EED-4CECBA702A0D}.RelWithDebInfo|Win32.ActiveCfg = RelWithDebInfo|Win32
		{CE21820C-A5E8-335B-9EED-4CECBA702A0D}.RelWithDebInfo|Win32.Build.0 = RelWithDebInfo|Win32
		{881CFBBA-4729-3F1C-8E49-92CD963583E8}.Debug|Win32.ActiveCfg = Debug|Win32
		{881CFBBA-4729-3F1C-8E49-92CD963583E8}.Debug|Win32.Build.0 = Debug|Win32
		{881CFBBA-4729-3F1C-8E49-92CD963583E8}.Release|Win32.ActiveCfg = Release|Win32
		{881CFBBA-4729-3F1C-8E49-92CD963583E8}.Release|Win32.Build.0 = Release|Win32
		{881CFBBA-4729-3F1C-8E49-92CD963583E8}.MinSizeRel|Win32.ActiveCfg = MinSizeRel|Win32
		{881CFBBA-4729-3F1C-8E49-92CD963583E8}.MinSizeRel|Win32.Build.0 = MinSizeRel|Win32
		{881CFBBA-4729-3F1C-8E49-92CD963583E8}.RelWithDebInfo|Win32.ActiveCfg = RelWithDebInfo|Win32
		{881CFBBA-4729-3F1C-8E49-92CD963583E8}.RelWithDebInfo|Win32.Build.0 = RelWithDebInfo|Win32
	EndGlobalSection
	GlobalSection(ExtensibilityGlobals) = postSolution
		SolutionGuid = {D6363836-176B-3267-AAAC-41E7853B1811}
	EndGlobalSection
	GlobalSection(ExtensibilityAddIns) = postSolution
	EndGlobalSection
EndGlobal
