<?xml version="1.0" encoding="utf-8"?>
<Project ToolsVersion="15.0" xmlns="http://schemas.microsoft.com/developer/msbuild/2003">
  <ItemGroup>
    <ClCompile Include="C:\PROJECTS\VIDEO++\vpp\externals\iod\tests\apply.cc">
      <Filter>Source Files</Filter>
    </ClCompile>
  </ItemGroup>
  <ItemGroup>
    <CustomBuild Include="C:\PROJECTS\VIDEO++\vpp\externals\iod\tests\CMakeLists.txt" />
  </ItemGroup>
  <ItemGroup>
    <Filter Include="Source Files">
      <UniqueIdentifier>{FF4A3F6D-8C35-3DDA-AD25-7AC1C8D20FFC}</UniqueIdentifier>
    </Filter>
  </ItemGroup>
</Project>
